
Microsoft Visual Studio Solution File, Format Version 12.00
# Visual Studio Version 16
VisualStudioVersion = 16.0.30406.217
MinimumVisualStudioVersion = 10.0.40219.1
Project("{9A19103F-16F7-4668-BE54-9A1E7A4F7556}") = "WebApplication5", "WebApplication5\WebApplication5.csproj", "{FA185D94-0015-4275-AC8E-648B639148E6}"
EndProject
Project("{9A19103F-16F7-4668-BE54-9A1E7A4F7556}") = "Models", "Models\Models.csproj", "{9469540E-2628-45FB-B1F1-D01B865FB91F}"
EndProject
Project("{FAE04EC0-301F-11D3-BF4B-00C04F79EFBC}") = "Database", "Database\Database.csproj", "{A1D4083D-BC45-47DC-85FA-02EAF77282D3}"
EndProject
Global
	GlobalSection(SolutionConfigurationPlatforms) = preSolution
		Debug|Any CPU = Debug|Any CPU
		Release|Any CPU = Release|Any CPU
	EndGlobalSection
	GlobalSection(ProjectConfigurationPlatforms) = postSolution
		{FA185D94-0015-4275-AC8E-648B639148E6}.Debug|Any CPU.ActiveCfg = Debug|Any CPU
		{FA185D94-0015-4275-AC8E-648B639148E6}.Debug|Any CPU.Build.0 = Debug|Any CPU
		{FA185D94-0015-4275-AC8E-648B639148E6}.Release|Any CPU.ActiveCfg = Release|Any CPU
		{FA185D94-0015-4275-AC8E-648B639148E6}.Release|Any CPU.Build.0 = Release|Any CPU
		{9469540E-2628-45FB-B1F1-D01B865FB91F}.Debug|Any CPU.ActiveCfg = Debug|Any CPU
		{9469540E-2628-45FB-B1F1-D01B865FB91F}.Debug|Any CPU.Build.0 = Debug|Any CPU
		{9469540E-2628-45FB-B1F1-D01B865FB91F}.Release|Any CPU.ActiveCfg = Release|Any CPU
		{9469540E-2628-45FB-B1F1-D01B865FB91F}.Release|Any CPU.Build.0 = Release|Any CPU
		{A1D4083D-BC45-47DC-85FA-02EAF77282D3}.Debug|Any CPU.ActiveCfg = Debug|Any CPU
		{A1D4083D-BC45-47DC-85FA-02EAF77282D3}.Debug|Any CPU.Build.0 = Debug|Any CPU
		{A1D4083D-BC45-47DC-85FA-02EAF77282D3}.Release|Any CPU.ActiveCfg = Release|Any CPU
		{A1D4083D-BC45-47DC-85FA-02EAF77282D3}.Release|Any CPU.Build.0 = Release|Any CPU
	EndGlobalSection
	GlobalSection(SolutionProperties) = preSolution
		HideSolutionNode = FALSE
	EndGlobalSection
	GlobalSection(ExtensibilityGlobals) = postSolution
		SolutionGuid = {4A1BC84A-1FB4-4FC1-BAD9-28C940EFD2D5}
	EndGlobalSection
EndGlobal
